// !$*UTF8*$!
{
	archiveVersion = 1;
	classes = {
	};
	objectVersion = 46;
	objects = {

/* Begin PBXBuildFile section */
		DCFFAD4A1F2EC52800F05AB4 /* AppDelegate.swift in Sources */ = {isa = PBXBuildFile; fileRef = DCFFAD491F2EC52800F05AB4 /* AppDelegate.swift */; };
		DCFFAD4C1F2EC52800F05AB4 /* ViewController.swift in Sources */ = {isa = PBXBuildFile; fileRef = DCFFAD4B1F2EC52800F05AB4 /* ViewController.swift */; };
		DCFFAD4F1F2EC52800F05AB4 /* Main.storyboard in Resources */ = {isa = PBXBuildFile; fileRef = DCFFAD4D1F2EC52800F05AB4 /* Main.storyboard */; };
		DCFFAD511F2EC52800F05AB4 /* Assets.xcassets in Resources */ = {isa = PBXBuildFile; fileRef = DCFFAD501F2EC52800F05AB4 /* Assets.xcassets */; };
		DCFFAD541F2EC52800F05AB4 /* LaunchScreen.storyboard in Resources */ = {isa = PBXBuildFile; fileRef = DCFFAD521F2EC52800F05AB4 /* LaunchScreen.storyboard */; };
/* End PBXBuildFile section */

/* Begin PBXFileReference section */
		DCFFAD461F2EC52800F05AB4 /* TranslateMeUp!.app */ = {isa = PBXFileReference; explicitFileType = wrapper.application; includeInIndex = 0; path = "TranslateMeUp!.app"; sourceTree = BUILT_PRODUCTS_DIR; };
		DCFFAD491F2EC52800F05AB4 /* AppDelegate.swift */ = {isa = PBXFileReference; lastKnownFileType = sourcecode.swift; path = AppDelegate.swift; sourceTree = "<group>"; };
		DCFFAD4B1F2EC52800F05AB4 /* ViewController.swift */ = {isa = PBXFileReference; lastKnownFileType = sourcecode.swift; path = ViewController.swift; sourceTree = "<group>"; };
		DCFFAD4E1F2EC52800F05AB4 /* Base */ = {isa = PBXFileReference; lastKnownFileType = file.storyboard; name = Base; path = Base.lproj/Main.storyboard; sourceTree = "<group>"; };
		DCFFAD501F2EC52800F05AB4 /* Assets.xcassets */ = {isa = PBXFileReference; lastKnownFileType = folder.assetcatalog; path = Assets.xcassets; sourceTree = "<group>"; };
		DCFFAD531F2EC52800F05AB4 /* Base */ = {isa = PBXFileReference; lastKnownFileType = file.storyboard; name = Base; path = Base.lproj/LaunchScreen.storyboard; sourceTree = "<group>"; };
		DCFFAD551F2EC52800F05AB4 /* Info.plist */ = {isa = PBXFileReference; lastKnownFileType = text.plist.xml; path = Info.plist; sourceTree = "<group>"; };
/* End PBXFileReference section */

/* Begin PBXFrameworksBuildPhase section */
		DCFFAD431F2EC52800F05AB4 /* Frameworks */ = {
			isa = PBXFrameworksBuildPhase;
			buildActionMask = 2147483647;
			files = (
			);
			runOnlyForDeploymentPostprocessing = 0;
		};
/* End PBXFrameworksBuildPhase section */

/* Begin PBXGroup section */
		DCFFAD3D1F2EC52800F05AB4 = {
			isa = PBXGroup;
			children = (
				DCFFAD481F2EC52800F05AB4 /* TranslateMeUp! */,
				DCFFAD471F2EC52800F05AB4 /* Products */,
			);
			sourceTree = "<group>";
		};
		DCFFAD471F2EC52800F05AB4 /* Products */ = {
			isa = PBXGroup;
			children = (
				DCFFAD461F2EC52800F05AB4 /* TranslateMeUp!.app */,
			);
			name = Products;
			sourceTree = "<group>";
		};
		DCFFAD481F2EC52800F05AB4 /* TranslateMeUp! */ = {
			isa = PBXGroup;
			children = (
				DCFFAD491F2EC52800F05AB4 /* AppDelegate.swift */,
				DCFFAD4B1F2EC52800F05AB4 /* ViewController.swift */,
				DCFFAD4D1F2EC52800F05AB4 /* Main.storyboard */,
				DCFFAD501F2EC52800F05AB4 /* Assets.xcassets */,
				DCFFAD521F2EC52800F05AB4 /* LaunchScreen.storyboard */,
				DCFFAD551F2EC52800F05AB4 /* Info.plist */,
			);
			path = "TranslateMeUp!";
			sourceTree = "<group>";
		};
/* End PBXGroup section */

/* Begin PBXNativeTarget section */
		DCFFAD451F2EC52800F05AB4 /* TranslateMeUp! */ = {
			isa = PBXNativeTarget;
			buildConfigurationList = DCFFAD581F2EC52800F05AB4 /* Build configuration list for PBXNativeTarget "TranslateMeUp!" */;
			buildPhases = (
				DCFFAD421F2EC52800F05AB4 /* Sources */,
				DCFFAD431F2EC52800F05AB4 /* Frameworks */,
				DCFFAD441F2EC52800F05AB4 /* Resources */,
			);
			buildRules = (
			);
			dependencies = (
			);
			name = "TranslateMeUp!";
			productName = "TranslateMeUp!";
			productReference = DCFFAD461F2EC52800F05AB4 /* TranslateMeUp!.app */;
			productType = "com.apple.product-type.application";
		};
/* End PBXNativeTarget section */

/* Begin PBXProject section */
		DCFFAD3E1F2EC52800F05AB4 /* Project object */ = {
			isa = PBXProject;
			attributes = {
				LastSwiftUpdateCheck = 0830;
				LastUpgradeCheck = 0830;
				ORGANIZATIONNAME = "Furkan Polat Acikgoz";
				TargetAttributes = {
					DCFFAD451F2EC52800F05AB4 = {
						CreatedOnToolsVersion = 8.3.3;
						DevelopmentTeam = 25EP5Y6HLG;
						ProvisioningStyle = Automatic;
					};
				};
			};
			buildConfigurationList = DCFFAD411F2EC52800F05AB4 /* Build configuration list for PBXProject "TranslateMeUp!" */;
			compatibilityVersion = "Xcode 3.2";
			developmentRegion = English;
			hasScannedForEncodings = 0;
			knownRegions = (
				en,
				Base,
			);
			mainGroup = DCFFAD3D1F2EC52800F05AB4;
			productRefGroup = DCFFAD471F2EC52800F05AB4 /* Products */;
			projectDirPath = "";
			projectRoot = "";
			targets = (
				DCFFAD451F2EC52800F05AB4 /* TranslateMeUp! */,
			);
		};
/* End PBXProject section */

/* Begin PBXResourcesBuildPhase section */
		DCFFAD441F2EC52800F05AB4 /* Resources */ = {
			isa = PBXResourcesBuildPhase;
			buildActionMask = 2147483647;
			files = (
				DCFFAD541F2EC52800F05AB4 /* LaunchScreen.storyboard in Resources */,
				DCFFAD511F2EC52800F05AB4 /* Assets.xcassets in Resources */,
				DCFFAD4F1F2EC52800F05AB4 /* Main.storyboard in Resources */,
			);
			runOnlyForDeploymentPostprocessing = 0;
		};
/* End PBXResourcesBuildPhase section */

/* Begin PBXSourcesBuildPhase section */
		DCFFAD421F2EC52800F05AB4 /* Sources */ = {
			isa = PBXSourcesBuildPhase;
			buildActionMask = 2147483647;
			files = (
				DCFFAD4C1F2EC52800F05AB4 /* ViewController.swift in Sources */,
				DCFFAD4A1F2EC52800F05AB4 /* AppDelegate.swift in Sources */,
			);
			runOnlyForDeploymentPostprocessing = 0;
		};
/* End PBXSourcesBuildPhase section */

/* Begin PBXVariantGroup section */
		DCFFAD4D1F2EC52800F05AB4 /* Main.storyboard */ = {
			isa = PBXVariantGroup;
			children = (
				DCFFAD4E1F2EC52800F05AB4 /* Base */,
			);
			name = Main.storyboard;
			sourceTree = "<group>";
		};
		DCFFAD521F2EC52800F05AB4 /* LaunchScreen.storyboard */ = {
			isa = PBXVariantGroup;
			children = (
				DCFFAD531F2EC52800F05AB4 /* Base */,
			);
			name = LaunchScreen.storyboard;
			sourceTree = "<group>";
		};
/* End PBXVariantGroup section */

/* Begin XCBuildConfiguration section */
		DCFFAD561F2EC52800F05AB4 /* Debug */ = {
			isa = XCBuildConfiguration;
			buildSettings = {
				ALWAYS_SEARCH_USER_PATHS = NO;
				CLANG_ANALYZER_NONNULL = YES;
				CLANG_ANALYZER_NUMBER_OBJECT_CONVERSION = YES_AGGRESSIVE;
				CLANG_CXX_LANGUAGE_STANDARD = "gnu++0x";
				CLANG_CXX_LIBRARY = "libc++";
				CLANG_ENABLE_MODULES = YES;
				CLANG_ENABLE_OBJC_ARC = YES;
				CLANG_WARN_BOOL_CONVERSION = YES;
				CLANG_WARN_CONSTANT_CONVERSION = YES;
				CLANG_WARN_DIRECT_OBJC_ISA_USAGE = YES_ERROR;
				CLANG_WARN_DOCUMENTATION_COMMENTS = YES;
				CLANG_WARN_EMPTY_BODY = YES;
				CLANG_WARN_ENUM_CONVERSION = YES;
				CLANG_WARN_INFINITE_RECURSION = YES;
				CLANG_WARN_INT_CONVERSION = YES;
				CLANG_WARN_OBJC_ROOT_CLASS = YES_ERROR;
				CLANG_WARN_SUSPICIOUS_MOVE = YES;
				CLANG_WARN_UNREACHABLE_CODE = YES;
				CLANG_WARN__DUPLICATE_METHOD_MATCH = YES;
				"CODE_SIGN_IDENTITY[sdk=iphoneos*]" = "iPhone Developer";
				COPY_PHASE_STRIP = NO;
				DEBUG_INFORMATION_FORMAT = dwarf;
				ENABLE_STRICT_OBJC_MSGSEND = YES;
				ENABLE_TESTABILITY = YES;
				GCC_C_LANGUAGE_STANDARD = gnu99;
				GCC_DYNAMIC_NO_PIC = NO;
				GCC_NO_COMMON_BLOCKS = YES;
				GCC_OPTIMIZATION_LEVEL = 0;
				GCC_PREPROCESSOR_DEFINITIONS = (
					"DEBUG=1",
					"$(inherited)",
				);
				GCC_WARN_64_TO_32_BIT_CONVERSION = YES;
				GCC_WARN_ABOUT_RETURN_TYPE = YES_ERROR;
				GCC_WARN_UNDECLARED_SELECTOR = YES;
				GCC_WARN_UNINITIALIZED_AUTOS = YES_AGGRESSIVE;
				GCC_WARN_UNUSED_FUNCTION = YES;
				GCC_WARN_UNUSED_VARIABLE = YES;
				IPHONEOS_DEPLOYMENT_TARGET = 10.3;
				MTL_ENABLE_DEBUG_INFO = YES;
				ONLY_ACTIVE_ARCH = YES;
				SDKROOT = iphoneos;
				SWIFT_ACTIVE_COMPILATION_CONDITIONS = DEBUG;
				SWIFT_OPTIMIZATION_LEVEL = "-Onone";
				TARGETED_DEVICE_FAMILY = "1,2";
			};
			name = Debug;
		};
		DCFFAD571F2EC52800F05AB4 /* Release */ = {
			isa = XCBuildConfiguration;
			buildSettings = {
				ALWAYS_SEARCH_USER_PATHS = NO;
				CLANG_ANALYZER_NONNULL = YES;
				CLANG_ANALYZER_NUMBER_OBJECT_CONVERSION = YES_AGGRESSIVE;
				CLANG_CXX_LANGUAGE_STANDARD = "gnu++0x";
				CLANG_CXX_LIBRARY = "libc++";
				CLANG_ENABLE_MODULES = YES;
				CLANG_ENABLE_OBJC_ARC = YES;
				CLANG_WARN_BOOL_CONVERSION = YES;
				CLANG_WARN_CONSTANT_CONVERSION = YES;
				CLANG_WARN_DIRECT_OBJC_ISA_USAGE = YES_ERROR;
				CLANG_WARN_DOCUMENTATION_COMMENTS = YES;
				CLANG_WARN_EMPTY_BODY = YES;
				CLANG_WARN_ENUM_CONVERSION = YES;
				CLANG_WARN_INFINITE_RECURSION = YES;
				CLANG_WARN_INT_CONVERSION = YES;
				CLANG_WARN_OBJC_ROOT_CLASS = YES_ERROR;
				CLANG_WARN_SUSPICIOUS_MOVE = YES;
				CLANG_WARN_UNREACHABLE_CODE = YES;
				CLANG_WARN__DUPLICATE_METHOD_MATCH = YES;
				"CODE_SIGN_IDENTITY[sdk=iphoneos*]" = "iPhone Developer";
				COPY_PHASE_STRIP = NO;
				DEBUG_INFORMATION_FORMAT = "dwarf-with-dsym";
				ENABLE_NS_ASSERTIONS = NO;
				ENABLE_STRICT_OBJC_MSGSEND = YES;
				GCC_C_LANGUAGE_STANDARD = gnu99;
				GCC_NO_COMMON_BLOCKS = YES;
				GCC_WARN_64_TO_32_BIT_CONVERSION = YES;
				GCC_WARN_ABOUT_RETURN_TYPE = YES_ERROR;
				GCC_WARN_UNDECLARED_SELECTOR = YES;
				GCC_WARN_UNINITIALIZED_AUTOS = YES_AGGRESSIVE;
				GCC_WARN_UNUSED_FUNCTION = YES;
				GCC_WARN_UNUSED_VARIABLE = YES;
				IPHONEOS_DEPLOYMENT_TARGET = 10.3;
				MTL_ENABLE_DEBUG_INFO = NO;
				SDKROOT = iphoneos;
				SWIFT_OPTIMIZATION_LEVEL = "-Owholemodule";
				TARGETED_DEVICE_FAMILY = "1,2";
				VALIDATE_PRODUCT = YES;
			};
			name = Release;
		};
		DCFFAD591F2EC52800F05AB4 /* Debug */ = {
			isa = XCBuildConfiguration;
			buildSettings = {
				ASSETCATALOG_COMPILER_APPICON_NAME = AppIcon;
				DEVELOPMENT_TEAM = 25EP5Y6HLG;
				INFOPLIST_FILE = "TranslateMeUp!/Info.plist";
				LD_RUNPATH_SEARCH_PATHS = "$(inherited) @executable_path/Frameworks";
				PRODUCT_BUNDLE_IDENTIFIER = "com.furkan.TranslateMeUp-";
				PRODUCT_NAME = "$(TARGET_NAME)";
				SWIFT_VERSION = 3.0;
			};
			name = Debug;
		};
		DCFFAD5A1F2EC52800F05AB4 /* Release */ = {
			isa = XCBuildConfiguration;
			buildSettings = {
				ASSETCATALOG_COMPILER_APPICON_NAME = AppIcon;
				DEVELOPMENT_TEAM = 25EP5Y6HLG;
				INFOPLIST_FILE = "TranslateMeUp!/Info.plist";
				LD_RUNPATH_SEARCH_PATHS = "$(inherited) @executable_path/Frameworks";
				PRODUCT_BUNDLE_IDENTIFIER = "com.furkan.TranslateMeUp-";
				PRODUCT_NAME = "$(TARGET_NAME)";
				SWIFT_VERSION = 3.0;
			};
			name = Release;
		};
/* End XCBuildConfiguration section */

/* Begin XCConfigurationList section */
		DCFFAD411F2EC52800F05AB4 /* Build configuration list for PBXProject "TranslateMeUp!" */ = {
			isa = XCConfigurationList;
			buildConfigurations = (
				DCFFAD561F2EC52800F05AB4 /* Debug */,
				DCFFAD571F2EC52800F05AB4 /* Release */,
			);
			defaultConfigurationIsVisible = 0;
			defaultConfigurationName = Release;
		};
		DCFFAD581F2EC52800F05AB4 /* Build configuration list for PBXNativeTarget "TranslateMeUp!" */ = {
			isa = XCConfigurationList;
			buildConfigurations = (
				DCFFAD591F2EC52800F05AB4 /* Debug */,
				DCFFAD5A1F2EC52800F05AB4 /* Release */,
			);
			defaultConfigurationIsVisible = 0;
		};
/* End XCConfigurationList section */
	};
	rootObject = DCFFAD3E1F2EC52800F05AB4 /* Project object */;
}
